
Microsoft Visual Studio Solution File, Format Version 12.00
# Visual Studio Version 17
VisualStudioVersion = 17.7.34031.279
MinimumVisualStudioVersion = 10.0.40219.1
Project("{8BC9CEB8-8B4A-11D0-8D11-00A0C91BC942}") = "rggeweherhtehth4h4", "rggeweherhtehth4h4\rggeweherhtehth4h4.vcxproj", "{A788D097-0E57-4E4A-9243-0DE258AAA41B}"
EndProject
Global
	GlobalSection(SolutionConfigurationPlatforms) = preSolution
		Debug|x64 = Debug|x64
		Debug|x86 = Debug|x86
		Release|x64 = Release|x64
		Release|x86 = Release|x86
	EndGlobalSection
	GlobalSection(ProjectConfigurationPlatforms) = postSolution
		{A788D097-0E57-4E4A-9243-0DE258AAA41B}.Debug|x64.ActiveCfg = Debug|x64
		{A788D097-0E57-4E4A-9243-0DE258AAA41B}.Debug|x64.Build.0 = Debug|x64
		{A788D097-0E57-4E4A-9243-0DE258AAA41B}.Debug|x86.ActiveCfg = Debug|Win32
		{A788D097-0E57-4E4A-9243-0DE258AAA41B}.Debug|x86.Build.0 = Debug|Win32
		{A788D097-0E57-4E4A-9243-0DE258AAA41B}.Release|x64.ActiveCfg = Release|x64
		{A788D097-0E57-4E4A-9243-0DE258AAA41B}.Release|x64.Build.0 = Release|x64
		{A788D097-0E57-4E4A-9243-0DE258AAA41B}.Release|x86.ActiveCfg = Release|Win32
		{A788D097-0E57-4E4A-9243-0DE258AAA41B}.Release|x86.Build.0 = Release|Win32
	EndGlobalSection
	GlobalSection(SolutionProperties) = preSolution
		HideSolutionNode = FALSE
	EndGlobalSection
	GlobalSection(ExtensibilityGlobals) = postSolution
		SolutionGuid = {DEBBB55A-C254-458A-BF9D-073B364F16A0}
	EndGlobalSection
EndGlobal
